
Microsoft Visual Studio Solution File, Format Version 11.00
# Visual Studio 2010
Project("{FAE04EC0-301F-11D3-BF4B-00C04F79EFBC}") = "SampleWeb", "SampleWeb\SampleWeb.csproj", "{9E81B534-3211-42D4-8217-7B678A8BE060}"
EndProject
Global
	GlobalSection(SolutionConfigurationPlatforms) = preSolution
		Debug|Any CPU = Debug|Any CPU
		Release|Any CPU = Release|Any CPU
	EndGlobalSection
	GlobalSection(ProjectConfigurationPlatforms) = postSolution
		{9E81B534-3211-42D4-8217-7B678A8BE060}.Debug|Any CPU.ActiveCfg = Debug|Any CPU
		{9E81B534-3211-42D4-8217-7B678A8BE060}.Debug|Any CPU.Build.0 = Debug|Any CPU
		{9E81B534-3211-42D4-8217-7B678A8BE060}.Release|Any CPU.ActiveCfg = Release|Any CPU
		{9E81B534-3211-42D4-8217-7B678A8BE060}.Release|Any CPU.Build.0 = Release|Any CPU
	EndGlobalSection
	GlobalSection(SolutionProperties) = preSolution
		HideSolutionNode = FALSE
	EndGlobalSection
EndGlobal
